{
  "name": "three",
  "version": "1.0.0",
  "lockfileVersion": 1,
  "requires": true,
  "dependencies": {
    "@minui/wxc-button": {
      "version": "1.0.2",
      "resolved": "http://registry.npm.taobao.org/@minui/wxc-button/download/@minui/wxc-button-1.0.2.tgz",
      "integrity": "sha1-PzJxMrpVQEmEwlb8tMODQYoZOhw="
    },
    "@minui/wxc-icon": {
      "version": "1.0.9",
      "resolved": "http://registry.npm.taobao.org/@minui/wxc-icon/download/@minui/wxc-icon-1.0.9.tgz",
      "integrity": "sha1-aJVj0yYUapLAulR9Eox/Mio0DvE="
    },
    "@minui/wxc-list": {
      "version": "1.0.1",
      "resolved": "http://registry.npm.taobao.org/@minui/wxc-list/download/@minui/wxc-list-1.0.1.tgz",
      "integrity": "sha1-Tm4ArgLE2RiZ01YRXcq0pPoosS0="
    }
  }
}
